Microsoft Visual Studio Solution File, Format Version 12.00
# Visual Studio Version 17
VisualStudioVersion = 17.5.2.0
MinimumVisualStudioVersion = 10.0.40219.1
Project("{FAE04EC0-301F-11D3-BF4B-00C04F79EFBC}") = "Algoritmalar", "Algoritmalar.csproj", "{AEDA6BFB-F1B4-3977-417D-65F79A0C37D0}"
EndProject
Global
	GlobalSection(SolutionConfigurationPlatforms) = preSolution
		Debug|Any CPU = Debug|Any CPU
		Release|Any CPU = Release|Any CPU
	EndGlobalSection
	GlobalSection(ProjectConfigurationPlatforms) = postSolution
		{AEDA6BFB-F1B4-3977-417D-65F79A0C37D0}.Debug|Any CPU.ActiveCfg = Debug|Any CPU
		{AEDA6BFB-F1B4-3977-417D-65F79A0C37D0}.Debug|Any CPU.Build.0 = Debug|Any CPU
		{AEDA6BFB-F1B4-3977-417D-65F79A0C37D0}.Release|Any CPU.ActiveCfg = Release|Any CPU
		{AEDA6BFB-F1B4-3977-417D-65F79A0C37D0}.Release|Any CPU.Build.0 = Release|Any CPU
	EndGlobalSection
	GlobalSection(SolutionProperties) = preSolution
		HideSolutionNode = FALSE
	EndGlobalSection
	GlobalSection(ExtensibilityGlobals) = postSolution
		SolutionGuid = {5B73F88A-D7CF-4F04-B475-EB33E3C0309E}
	EndGlobalSection
EndGlobal
